
Microsoft Visual Studio Solution File, Format Version 12.00
# Visual Studio Version 17
VisualStudioVersion = 17.11.35222.181
MinimumVisualStudioVersion = 10.0.40219.1
Project("{FAE04EC0-301F-11D3-BF4B-00C04F79EFBC}") = "Trabajo_CS", "Trabajo_CS\Trabajo_CS.csproj", "{F603008C-5C47-49FB-B588-FEFA49483715}"
EndProject
Global
	GlobalSection(SolutionConfigurationPlatforms) = preSolution
		Debug|Any CPU = Debug|Any CPU
		Release|Any CPU = Release|Any CPU
	EndGlobalSection
	GlobalSection(ProjectConfigurationPlatforms) = postSolution
		{F603008C-5C47-49FB-B588-FEFA49483715}.Debug|Any CPU.ActiveCfg = Debug|Any CPU
		{F603008C-5C47-49FB-B588-FEFA49483715}.Debug|Any CPU.Build.0 = Debug|Any CPU
		{F603008C-5C47-49FB-B588-FEFA49483715}.Release|Any CPU.ActiveCfg = Release|Any CPU
		{F603008C-5C47-49FB-B588-FEFA49483715}.Release|Any CPU.Build.0 = Release|Any CPU
	EndGlobalSection
	GlobalSection(SolutionProperties) = preSolution
		HideSolutionNode = FALSE
	EndGlobalSection
	GlobalSection(ExtensibilityGlobals) = postSolution
		SolutionGuid = {F8512BAC-5F63-47C8-B1C4-7586AA7B6CBD}
	EndGlobalSection
EndGlobal
